// !$*UTF8*$!
{
	archiveVersion = 1;
	classes = {
	};
	objectVersion = 50;
	objects = {

/* Begin PBXBuildFile section */
		4E156EFC27061E44001ED106 /* Favorite.swift in Sources */ = {isa = PBXBuildFile; fileRef = 4E156EFB27061E44001ED106 /* Favorite.swift */; };
		4E92EB192706097B00B14D64 /* AppDelegate.swift in Sources */ = {isa = PBXBuildFile; fileRef = 4E92EB182706097B00B14D64 /* AppDelegate.swift */; };
		4E92EB1B2706097B00B14D64 /* SceneDelegate.swift in Sources */ = {isa = PBXBuildFile; fileRef = 4E92EB1A2706097B00B14D64 /* SceneDelegate.swift */; };
		4E92EB1D2706097B00B14D64 /* ViewController.swift in Sources */ = {isa = PBXBuildFile; fileRef = 4E92EB1C2706097B00B14D64 /* ViewController.swift */; };
		4E92EB202706097B00B14D64 /* Main.storyboard in Resources */ = {isa = PBXBuildFile; fileRef = 4E92EB1E2706097B00B14D64 /* Main.storyboard */; };
		4E92EB222706097C00B14D64 /* Assets.xcassets in Resources */ = {isa = PBXBuildFile; fileRef = 4E92EB212706097C00B14D64 /* Assets.xcassets */; };
		4E92EB252706097C00B14D64 /* LaunchScreen.storyboard in Resources */ = {isa = PBXBuildFile; fileRef = 4E92EB232706097C00B14D64 /* LaunchScreen.storyboard */; };
		4E92EB2E270612A900B14D64 /* editViewController.swift in Sources */ = {isa = PBXBuildFile; fileRef = 4E92EB2D270612A900B14D64 /* editViewController.swift */; };
/* End PBXBuildFile section */

/* Begin PBXFileReference section */
		4E156EFB27061E44001ED106 /* Favorite.swift */ = {isa = PBXFileReference; lastKnownFileType = sourcecode.swift; path = Favorite.swift; sourceTree = "<group>"; };
		4E92EB152706097B00B14D64 /* multipleViewControllers.app */ = {isa = PBXFileReference; explicitFileType = wrapper.application; includeInIndex = 0; path = multipleViewControllers.app; sourceTree = BUILT_PRODUCTS_DIR; };
		4E92EB182706097B00B14D64 /* AppDelegate.swift */ = {isa = PBXFileReference; lastKnownFileType = sourcecode.swift; path = AppDelegate.swift; sourceTree = "<group>"; };
		4E92EB1A2706097B00B14D64 /* SceneDelegate.swift */ = {isa = PBXFileReference; lastKnownFileType = sourcecode.swift; path = SceneDelegate.swift; sourceTree = "<group>"; };
		4E92EB1C2706097B00B14D64 /* ViewController.swift */ = {isa = PBXFileReference; lastKnownFileType = sourcecode.swift; path = ViewController.swift; sourceTree = "<group>"; };
		4E92EB1F2706097B00B14D64 /* Base */ = {isa = PBXFileReference; lastKnownFileType = file.storyboard; name = Base; path = Base.lproj/Main.storyboard; sourceTree = "<group>"; };
		4E92EB212706097C00B14D64 /* Assets.xcassets */ = {isa = PBXFileReference; lastKnownFileType = folder.assetcatalog; path = Assets.xcassets; sourceTree = "<group>"; };
		4E92EB242706097C00B14D64 /* Base */ = {isa = PBXFileReference; lastKnownFileType = file.storyboard; name = Base; path = Base.lproj/LaunchScreen.storyboard; sourceTree = "<group>"; };
		4E92EB262706097C00B14D64 /* Info.plist */ = {isa = PBXFileReference; lastKnownFileType = text.plist.xml; path = Info.plist; sourceTree = "<group>"; };
		4E92EB2C27060B5400B14D64 /* README.md */ = {isa = PBXFileReference; lastKnownFileType = net.daringfireball.markdown; path = README.md; sourceTree = "<group>"; };
		4E92EB2D270612A900B14D64 /* editViewController.swift */ = {isa = PBXFileReference; lastKnownFileType = sourcecode.swift; path = editViewController.swift; sourceTree = "<group>"; };
/* End PBXFileReference section */

/* Begin PBXFrameworksBuildPhase section */
		4E92EB122706097B00B14D64 /* Frameworks */ = {
			isa = PBXFrameworksBuildPhase;
			buildActionMask = 2147483647;
			files = (
			);
			runOnlyForDeploymentPostprocessing = 0;
		};
/* End PBXFrameworksBuildPhase section */

/* Begin PBXGroup section */
		4E92EB0C2706097B00B14D64 = {
			isa = PBXGroup;
			children = (
				4E92EB172706097B00B14D64 /* multipleViewControllers */,
				4E92EB162706097B00B14D64 /* Products */,
			);
			sourceTree = "<group>";
		};
		4E92EB162706097B00B14D64 /* Products */ = {
			isa = PBXGroup;
			children = (
				4E92EB152706097B00B14D64 /* multipleViewControllers.app */,
			);
			name = Products;
			sourceTree = "<group>";
		};
		4E92EB172706097B00B14D64 /* multipleViewControllers */ = {
			isa = PBXGroup;
			children = (
				4E92EB182706097B00B14D64 /* AppDelegate.swift */,
				4E92EB1A2706097B00B14D64 /* SceneDelegate.swift */,
				4E92EB1C2706097B00B14D64 /* ViewController.swift */,
				4E92EB1E2706097B00B14D64 /* Main.storyboard */,
				4E92EB2D270612A900B14D64 /* editViewController.swift */,
				4E156EFB27061E44001ED106 /* Favorite.swift */,
				4E92EB212706097C00B14D64 /* Assets.xcassets */,
				4E92EB232706097C00B14D64 /* LaunchScreen.storyboard */,
				4E92EB262706097C00B14D64 /* Info.plist */,
				4E92EB2C27060B5400B14D64 /* README.md */,
			);
			path = multipleViewControllers;
			sourceTree = "<group>";
		};
/* End PBXGroup section */

/* Begin PBXNativeTarget section */
		4E92EB142706097B00B14D64 /* multipleViewControllers */ = {
			isa = PBXNativeTarget;
			buildConfigurationList = 4E92EB292706097C00B14D64 /* Build configuration list for PBXNativeTarget "multipleViewControllers" */;
			buildPhases = (
				4E92EB112706097B00B14D64 /* Sources */,
				4E92EB122706097B00B14D64 /* Frameworks */,
				4E92EB132706097B00B14D64 /* Resources */,
			);
			buildRules = (
			);
			dependencies = (
			);
			name = multipleViewControllers;
			productName = multipleViewControllers;
			productReference = 4E92EB152706097B00B14D64 /* multipleViewControllers.app */;
			productType = "com.apple.product-type.application";
		};
/* End PBXNativeTarget section */

/* Begin PBXProject section */
		4E92EB0D2706097B00B14D64 /* Project object */ = {
			isa = PBXProject;
			attributes = {
				LastSwiftUpdateCheck = 1250;
				LastUpgradeCheck = 1250;
				TargetAttributes = {
					4E92EB142706097B00B14D64 = {
						CreatedOnToolsVersion = 12.5.1;
					};
				};
			};
			buildConfigurationList = 4E92EB102706097B00B14D64 /* Build configuration list for PBXProject "multipleViewControllers" */;
			compatibilityVersion = "Xcode 9.3";
			developmentRegion = en;
			hasScannedForEncodings = 0;
			knownRegions = (
				en,
				Base,
			);
			mainGroup = 4E92EB0C2706097B00B14D64;
			productRefGroup = 4E92EB162706097B00B14D64 /* Products */;
			projectDirPath = "";
			projectRoot = "";
			targets = (
				4E92EB142706097B00B14D64 /* multipleViewControllers */,
			);
		};
/* End PBXProject section */

/* Begin PBXResourcesBuildPhase section */
		4E92EB132706097B00B14D64 /* Resources */ = {
			isa = PBXResourcesBuildPhase;
			buildActionMask = 2147483647;
			files = (
				4E92EB252706097C00B14D64 /* LaunchScreen.storyboard in Resources */,
				4E92EB222706097C00B14D64 /* Assets.xcassets in Resources */,
				4E92EB202706097B00B14D64 /* Main.storyboard in Resources */,
			);
			runOnlyForDeploymentPostprocessing = 0;
		};
/* End PBXResourcesBuildPhase section */

/* Begin PBXSourcesBuildPhase section */
		4E92EB112706097B00B14D64 /* Sources */ = {
			isa = PBXSourcesBuildPhase;
			buildActionMask = 2147483647;
			files = (
				4E156EFC27061E44001ED106 /* Favorite.swift in Sources */,
				4E92EB2E270612A900B14D64 /* editViewController.swift in Sources */,
				4E92EB1D2706097B00B14D64 /* ViewController.swift in Sources */,
				4E92EB192706097B00B14D64 /* AppDelegate.swift in Sources */,
				4E92EB1B2706097B00B14D64 /* SceneDelegate.swift in Sources */,
			);
			runOnlyForDeploymentPostprocessing = 0;
		};
/* End PBXSourcesBuildPhase section */

/* Begin PBXVariantGroup section */
		4E92EB1E2706097B00B14D64 /* Main.storyboard */ = {
			isa = PBXVariantGroup;
			children = (
				4E92EB1F2706097B00B14D64 /* Base */,
			);
			name = Main.storyboard;
			sourceTree = "<group>";
		};
		4E92EB232706097C00B14D64 /* LaunchScreen.storyboard */ = {
			isa = PBXVariantGroup;
			children = (
				4E92EB242706097C00B14D64 /* Base */,
			);
			name = LaunchScreen.storyboard;
			sourceTree = "<group>";
		};
/* End PBXVariantGroup section */

/* Begin XCBuildConfiguration section */
		4E92EB272706097C00B14D64 /* Debug */ = {
			isa = XCBuildConfiguration;
			buildSettings = {
				ALWAYS_SEARCH_USER_PATHS = NO;
				CLANG_ANALYZER_NONNULL = YES;
				CLANG_ANALYZER_NUMBER_OBJECT_CONVERSION = YES_AGGRESSIVE;
				CLANG_CXX_LANGUAGE_STANDARD = "gnu++14";
				CLANG_CXX_LIBRARY = "libc++";
				CLANG_ENABLE_MODULES = YES;
				CLANG_ENABLE_OBJC_ARC = YES;
				CLANG_ENABLE_OBJC_WEAK = YES;
				CLANG_WARN_BLOCK_CAPTURE_AUTORELEASING = YES;
				CLANG_WARN_BOOL_CONVERSION = YES;
				CLANG_WARN_COMMA = YES;
				CLANG_WARN_CONSTANT_CONVERSION = YES;
				CLANG_WARN_DEPRECATED_OBJC_IMPLEMENTATIONS = YES;
				CLANG_WARN_DIRECT_OBJC_ISA_USAGE = YES_ERROR;
				CLANG_WARN_DOCUMENTATION_COMMENTS = YES;
				CLANG_WARN_EMPTY_BODY = YES;
				CLANG_WARN_ENUM_CONVERSION = YES;
				CLANG_WARN_INFINITE_RECURSION = YES;
				CLANG_WARN_INT_CONVERSION = YES;
				CLANG_WARN_NON_LITERAL_NULL_CONVERSION = YES;
				CLANG_WARN_OBJC_IMPLICIT_RETAIN_SELF = YES;
				CLANG_WARN_OBJC_LITERAL_CONVERSION = YES;
				CLANG_WARN_OBJC_ROOT_CLASS = YES_ERROR;
				CLANG_WARN_QUOTED_INCLUDE_IN_FRAMEWORK_HEADER = YES;
				CLANG_WARN_RANGE_LOOP_ANALYSIS = YES;
				CLANG_WARN_STRICT_PROTOTYPES = YES;
				CLANG_WARN_SUSPICIOUS_MOVE = YES;
				CLANG_WARN_UNGUARDED_AVAILABILITY = YES_AGGRESSIVE;
				CLANG_WARN_UNREACHABLE_CODE = YES;
				CLANG_WARN__DUPLICATE_METHOD_MATCH = YES;
				COPY_PHASE_STRIP = NO;
				DEBUG_INFORMATION_FORMAT = dwarf;
				ENABLE_STRICT_OBJC_MSGSEND = YES;
				ENABLE_TESTABILITY = YES;
				GCC_C_LANGUAGE_STANDARD = gnu11;
				GCC_DYNAMIC_NO_PIC = NO;
				GCC_NO_COMMON_BLOCKS = YES;
				GCC_OPTIMIZATION_LEVEL = 0;
				GCC_PREPROCESSOR_DEFINITIONS = (
					"DEBUG=1",
					"$(inherited)",
				);
				GCC_WARN_64_TO_32_BIT_CONVERSION = YES;
				GCC_WARN_ABOUT_RETURN_TYPE = YES_ERROR;
				GCC_WARN_UNDECLARED_SELECTOR = YES;
				GCC_WARN_UNINITIALIZED_AUTOS = YES_AGGRESSIVE;
				GCC_WARN_UNUSED_FUNCTION = YES;
				GCC_WARN_UNUSED_VARIABLE = YES;
				IPHONEOS_DEPLOYMENT_TARGET = 14.5;
				MTL_ENABLE_DEBUG_INFO = INCLUDE_SOURCE;
				MTL_FAST_MATH = YES;
				ONLY_ACTIVE_ARCH = YES;
				SDKROOT = iphoneos;
				SWIFT_ACTIVE_COMPILATION_CONDITIONS = DEBUG;
				SWIFT_OPTIMIZATION_LEVEL = "-Onone";
			};
			name = Debug;
		};
		4E92EB282706097C00B14D64 /* Release */ = {
			isa = XCBuildConfiguration;
			buildSettings = {
				ALWAYS_SEARCH_USER_PATHS = NO;
				CLANG_ANALYZER_NONNULL = YES;
				CLANG_ANALYZER_NUMBER_OBJECT_CONVERSION = YES_AGGRESSIVE;
				CLANG_CXX_LANGUAGE_STANDARD = "gnu++14";
				CLANG_CXX_LIBRARY = "libc++";
				CLANG_ENABLE_MODULES = YES;
				CLANG_ENABLE_OBJC_ARC = YES;
				CLANG_ENABLE_OBJC_WEAK = YES;
				CLANG_WARN_BLOCK_CAPTURE_AUTORELEASING = YES;
				CLANG_WARN_BOOL_CONVERSION = YES;
				CLANG_WARN_COMMA = YES;
				CLANG_WARN_CONSTANT_CONVERSION = YES;
				CLANG_WARN_DEPRECATED_OBJC_IMPLEMENTATIONS = YES;
				CLANG_WARN_DIRECT_OBJC_ISA_USAGE = YES_ERROR;
				CLANG_WARN_DOCUMENTATION_COMMENTS = YES;
				CLANG_WARN_EMPTY_BODY = YES;
				CLANG_WARN_ENUM_CONVERSION = YES;
				CLANG_WARN_INFINITE_RECURSION = YES;
				CLANG_WARN_INT_CONVERSION = YES;
				CLANG_WARN_NON_LITERAL_NULL_CONVERSION = YES;
				CLANG_WARN_OBJC_IMPLICIT_RETAIN_SELF = YES;
				CLANG_WARN_OBJC_LITERAL_CONVERSION = YES;
				CLANG_WARN_OBJC_ROOT_CLASS = YES_ERROR;
				CLANG_WARN_QUOTED_INCLUDE_IN_FRAMEWORK_HEADER = YES;
				CLANG_WARN_RANGE_LOOP_ANALYSIS = YES;
				CLANG_WARN_STRICT_PROTOTYPES = YES;
				CLANG_WARN_SUSPICIOUS_MOVE = YES;
				CLANG_WARN_UNGUARDED_AVAILABILITY = YES_AGGRESSIVE;
				CLANG_WARN_UNREACHABLE_CODE = YES;
				CLANG_WARN__DUPLICATE_METHOD_MATCH = YES;
				COPY_PHASE_STRIP = NO;
				DEBUG_INFORMATION_FORMAT = "dwarf-with-dsym";
				ENABLE_NS_ASSERTIONS = NO;
				ENABLE_STRICT_OBJC_MSGSEND = YES;
				GCC_C_LANGUAGE_STANDARD = gnu11;
				GCC_NO_COMMON_BLOCKS = YES;
				GCC_WARN_64_TO_32_BIT_CONVERSION = YES;
				GCC_WARN_ABOUT_RETURN_TYPE = YES_ERROR;
				GCC_WARN_UNDECLARED_SELECTOR = YES;
				GCC_WARN_UNINITIALIZED_AUTOS = YES_AGGRESSIVE;
				GCC_WARN_UNUSED_FUNCTION = YES;
				GCC_WARN_UNUSED_VARIABLE = YES;
				IPHONEOS_DEPLOYMENT_TARGET = 14.5;
				MTL_ENABLE_DEBUG_INFO = NO;
				MTL_FAST_MATH = YES;
				SDKROOT = iphoneos;
				SWIFT_COMPILATION_MODE = wholemodule;
				SWIFT_OPTIMIZATION_LEVEL = "-O";
				VALIDATE_PRODUCT = YES;
			};
			name = Release;
		};
		4E92EB2A2706097C00B14D64 /* Debug */ = {
			isa = XCBuildConfiguration;
			buildSettings = {
				ASSETCATALOG_COMPILER_APPICON_NAME = AppIcon;
				ASSETCATALOG_COMPILER_GLOBAL_ACCENT_COLOR_NAME = AccentColor;
				CODE_SIGN_STYLE = Automatic;
				DEVELOPMENT_TEAM = HK3FLDQ33B;
				INFOPLIST_FILE = multipleViewControllers/Info.plist;
				LD_RUNPATH_SEARCH_PATHS = (
					"$(inherited)",
					"@executable_path/Frameworks",
				);
				PRODUCT_BUNDLE_IDENTIFIER = kschuygon.multipleViewControllers;
				PRODUCT_NAME = "$(TARGET_NAME)";
				SWIFT_VERSION = 5.0;
				TARGETED_DEVICE_FAMILY = 1;
			};
			name = Debug;
		};
		4E92EB2B2706097C00B14D64 /* Release */ = {
			isa = XCBuildConfiguration;
			buildSettings = {
				ASSETCATALOG_COMPILER_APPICON_NAME = AppIcon;
				ASSETCATALOG_COMPILER_GLOBAL_ACCENT_COLOR_NAME = AccentColor;
				CODE_SIGN_STYLE = Automatic;
				DEVELOPMENT_TEAM = HK3FLDQ33B;
				INFOPLIST_FILE = multipleViewControllers/Info.plist;
				LD_RUNPATH_SEARCH_PATHS = (
					"$(inherited)",
					"@executable_path/Frameworks",
				);
				PRODUCT_BUNDLE_IDENTIFIER = kschuygon.multipleViewControllers;
				PRODUCT_NAME = "$(TARGET_NAME)";
				SWIFT_VERSION = 5.0;
				TARGETED_DEVICE_FAMILY = 1;
			};
			name = Release;
		};
/* End XCBuildConfiguration section */

/* Begin XCConfigurationList section */
		4E92EB102706097B00B14D64 /* Build configuration list for PBXProject "multipleViewControllers" */ = {
			isa = XCConfigurationList;
			buildConfigurations = (
				4E92EB272706097C00B14D64 /* Debug */,
				4E92EB282706097C00B14D64 /* Release */,
			);
			defaultConfigurationIsVisible = 0;
			defaultConfigurationName = Release;
		};
		4E92EB292706097C00B14D64 /* Build configuration list for PBXNativeTarget "multipleViewControllers" */ = {
			isa = XCConfigurationList;
			buildConfigurations = (
				4E92EB2A2706097C00B14D64 /* Debug */,
				4E92EB2B2706097C00B14D64 /* Release */,
			);
			defaultConfigurationIsVisible = 0;
			defaultConfigurationName = Release;
		};
/* End XCConfigurationList section */
	};
	rootObject = 4E92EB0D2706097B00B14D64 /* Project object */;
}
